{
  "requires": true,
  "lockfileVersion": 1,
  "dependencies": {
    "vim-language-server": {
      "version": "2.2.5",
      "resolved": "https://registry.npmjs.org/vim-language-server/-/vim-language-server-2.2.5.tgz",
      "integrity": "sha512-893GcGS5oFjBK2Dakdl4I0x8rtkgI+TOi44M9PmFU6YV+kwoLIRAxIcoF55rGiHFESCq98C+yjWn1OXznWgm7A=="
    }
  }
}
